
Microsoft Visual Studio Solution File, Format Version 12.00
Project("{2150E333-8FDC-42A3-9474-1A3956D46DE8}") = "src", "src", "{6C3A07B7-82BD-4310-81A8-F7B52E8B9BCC}"
EndProject
Project("{2150E333-8FDC-42A3-9474-1A3956D46DE8}") = "tests", "tests", "{4992CA3F-0FBB-49A0-86A5-A6947D7AC1B7}"
EndProject
Project("{FAE04EC0-301F-11D3-BF4B-00C04F79EFBC}") = "Infrastructure", "src\Infrastructure\Infrastructure.csproj", "{EB194D8F-4E13-44B8-B79A-F074BD73D0E6}"
EndProject
Project("{FAE04EC0-301F-11D3-BF4B-00C04F79EFBC}") = "Domain", "src\Domain\Domain.csproj", "{9B5B0521-1CC3-4AF5-BA07-24E62AB4254D}"
EndProject
Project("{FAE04EC0-301F-11D3-BF4B-00C04F79EFBC}") = "Application", "src\Application\Application.csproj", "{D7AD298D-0575-4E72-95D0-B590A04BD69F}"
EndProject
Project("{FAE04EC0-301F-11D3-BF4B-00C04F79EFBC}") = "Api", "src\Api\Api.csproj", "{EEB4F4E0-C39F-487B-9451-94D841BA3E35}"
EndProject
Project("{FAE04EC0-301F-11D3-BF4B-00C04F79EFBC}") = "Tests.Data", "tests\Tests.Data\Tests.Data.csproj", "{8F96F5C7-C29D-4885-9E0C-2E73948BFE14}"
EndProject
Project("{FAE04EC0-301F-11D3-BF4B-00C04F79EFBC}") = "Tests.Common", "tests\Tests.Common\Tests.Common.csproj", "{B73B3CCB-7140-460C-8043-BB8997DFA038}"
EndProject
Project("{FAE04EC0-301F-11D3-BF4B-00C04F79EFBC}") = "Api.Tests.Integration", "tests\Api.Tests.Integration\Api.Tests.Integration.csproj", "{0BA7293C-C196-48E2-954A-008D2EFFB6A6}"
EndProject
Global
	GlobalSection(SolutionConfigurationPlatforms) = preSolution
		Debug|Any CPU = Debug|Any CPU
		Release|Any CPU = Release|Any CPU
	EndGlobalSection
	GlobalSection(NestedProjects) = preSolution
		{EB194D8F-4E13-44B8-B79A-F074BD73D0E6} = {6C3A07B7-82BD-4310-81A8-F7B52E8B9BCC}
		{9B5B0521-1CC3-4AF5-BA07-24E62AB4254D} = {6C3A07B7-82BD-4310-81A8-F7B52E8B9BCC}
		{D7AD298D-0575-4E72-95D0-B590A04BD69F} = {6C3A07B7-82BD-4310-81A8-F7B52E8B9BCC}
		{EEB4F4E0-C39F-487B-9451-94D841BA3E35} = {6C3A07B7-82BD-4310-81A8-F7B52E8B9BCC}
		{8F96F5C7-C29D-4885-9E0C-2E73948BFE14} = {4992CA3F-0FBB-49A0-86A5-A6947D7AC1B7}
		{B73B3CCB-7140-460C-8043-BB8997DFA038} = {4992CA3F-0FBB-49A0-86A5-A6947D7AC1B7}
		{0BA7293C-C196-48E2-954A-008D2EFFB6A6} = {4992CA3F-0FBB-49A0-86A5-A6947D7AC1B7}
	EndGlobalSection
	GlobalSection(ProjectConfigurationPlatforms) = postSolution
		{EB194D8F-4E13-44B8-B79A-F074BD73D0E6}.Debug|Any CPU.ActiveCfg = Debug|Any CPU
		{EB194D8F-4E13-44B8-B79A-F074BD73D0E6}.Debug|Any CPU.Build.0 = Debug|Any CPU
		{EB194D8F-4E13-44B8-B79A-F074BD73D0E6}.Release|Any CPU.ActiveCfg = Release|Any CPU
		{EB194D8F-4E13-44B8-B79A-F074BD73D0E6}.Release|Any CPU.Build.0 = Release|Any CPU
		{9B5B0521-1CC3-4AF5-BA07-24E62AB4254D}.Debug|Any CPU.ActiveCfg = Debug|Any CPU
		{9B5B0521-1CC3-4AF5-BA07-24E62AB4254D}.Debug|Any CPU.Build.0 = Debug|Any CPU
		{9B5B0521-1CC3-4AF5-BA07-24E62AB4254D}.Release|Any CPU.ActiveCfg = Release|Any CPU
		{9B5B0521-1CC3-4AF5-BA07-24E62AB4254D}.Release|Any CPU.Build.0 = Release|Any CPU
		{D7AD298D-0575-4E72-95D0-B590A04BD69F}.Debug|Any CPU.ActiveCfg = Debug|Any CPU
		{D7AD298D-0575-4E72-95D0-B590A04BD69F}.Debug|Any CPU.Build.0 = Debug|Any CPU
		{D7AD298D-0575-4E72-95D0-B590A04BD69F}.Release|Any CPU.ActiveCfg = Release|Any CPU
		{D7AD298D-0575-4E72-95D0-B590A04BD69F}.Release|Any CPU.Build.0 = Release|Any CPU
		{EEB4F4E0-C39F-487B-9451-94D841BA3E35}.Debug|Any CPU.ActiveCfg = Debug|Any CPU
		{EEB4F4E0-C39F-487B-9451-94D841BA3E35}.Debug|Any CPU.Build.0 = Debug|Any CPU
		{EEB4F4E0-C39F-487B-9451-94D841BA3E35}.Release|Any CPU.ActiveCfg = Release|Any CPU
		{EEB4F4E0-C39F-487B-9451-94D841BA3E35}.Release|Any CPU.Build.0 = Release|Any CPU
		{8F96F5C7-C29D-4885-9E0C-2E73948BFE14}.Debug|Any CPU.ActiveCfg = Debug|Any CPU
		{8F96F5C7-C29D-4885-9E0C-2E73948BFE14}.Debug|Any CPU.Build.0 = Debug|Any CPU
		{8F96F5C7-C29D-4885-9E0C-2E73948BFE14}.Release|Any CPU.ActiveCfg = Release|Any CPU
		{8F96F5C7-C29D-4885-9E0C-2E73948BFE14}.Release|Any CPU.Build.0 = Release|Any CPU
		{B73B3CCB-7140-460C-8043-BB8997DFA038}.Debug|Any CPU.ActiveCfg = Debug|Any CPU
		{B73B3CCB-7140-460C-8043-BB8997DFA038}.Debug|Any CPU.Build.0 = Debug|Any CPU
		{B73B3CCB-7140-460C-8043-BB8997DFA038}.Release|Any CPU.ActiveCfg = Release|Any CPU
		{B73B3CCB-7140-460C-8043-BB8997DFA038}.Release|Any CPU.Build.0 = Release|Any CPU
		{0BA7293C-C196-48E2-954A-008D2EFFB6A6}.Debug|Any CPU.ActiveCfg = Debug|Any CPU
		{0BA7293C-C196-48E2-954A-008D2EFFB6A6}.Debug|Any CPU.Build.0 = Debug|Any CPU
		{0BA7293C-C196-48E2-954A-008D2EFFB6A6}.Release|Any CPU.ActiveCfg = Release|Any CPU
		{0BA7293C-C196-48E2-954A-008D2EFFB6A6}.Release|Any CPU.Build.0 = Release|Any CPU
	EndGlobalSection
EndGlobal
